
Microsoft Visual Studio Solution File, Format Version 12.00
# Visual Studio Version 16
VisualStudioVersion = 16.0.35931.194
MinimumVisualStudioVersion = 10.0.40219.1
Project("{FAE04EC0-301F-11D3-BF4B-00C04F79EFBC}") = "Invetory", "Invetory\Invetory.csproj", "{04FDC715-06C7-4CC9-99D4-C51BC5E6FE58}"
EndProject
Global
	GlobalSection(SolutionConfigurationPlatforms) = preSolution
		Debug|Any CPU = Debug|Any CPU
		Release|Any CPU = Release|Any CPU
	EndGlobalSection
	GlobalSection(ProjectConfigurationPlatforms) = postSolution
		{04FDC715-06C7-4CC9-99D4-C51BC5E6FE58}.Debug|Any CPU.ActiveCfg = Debug|Any CPU
		{04FDC715-06C7-4CC9-99D4-C51BC5E6FE58}.Debug|Any CPU.Build.0 = Debug|Any CPU
		{04FDC715-06C7-4CC9-99D4-C51BC5E6FE58}.Release|Any CPU.ActiveCfg = Release|Any CPU
		{04FDC715-06C7-4CC9-99D4-C51BC5E6FE58}.Release|Any CPU.Build.0 = Release|Any CPU
	EndGlobalSection
	GlobalSection(SolutionProperties) = preSolution
		HideSolutionNode = FALSE
	EndGlobalSection
	GlobalSection(ExtensibilityGlobals) = postSolution
		SolutionGuid = {53921E99-9527-4921-8A19-6E7B44AFC93F}
	EndGlobalSection
EndGlobal
